
Microsoft Visual Studio Solution File, Format Version 12.00
# Visual Studio Version 17
VisualStudioVersion = 17.7.34031.279
MinimumVisualStudioVersion = 10.0.40219.1
Project("{FAE04EC0-301F-11D3-BF4B-00C04F79EFBC}") = "WebApi", "WebApi\WebApi.csproj", "{ED89427D-4D38-4595-82F5-0B9F397A24CE}"
EndProject
Global
	GlobalSection(SolutionConfigurationPlatforms) = preSolution
		Debug|Any CPU = Debug|Any CPU
		Release|Any CPU = Release|Any CPU
	EndGlobalSection
	GlobalSection(ProjectConfigurationPlatforms) = postSolution
		{ED89427D-4D38-4595-82F5-0B9F397A24CE}.Debug|Any CPU.ActiveCfg = Debug|Any CPU
		{ED89427D-4D38-4595-82F5-0B9F397A24CE}.Debug|Any CPU.Build.0 = Debug|Any CPU
		{ED89427D-4D38-4595-82F5-0B9F397A24CE}.Release|Any CPU.ActiveCfg = Release|Any CPU
		{ED89427D-4D38-4595-82F5-0B9F397A24CE}.Release|Any CPU.Build.0 = Release|Any CPU
	EndGlobalSection
	GlobalSection(SolutionProperties) = preSolution
		HideSolutionNode = FALSE
	EndGlobalSection
	GlobalSection(ExtensibilityGlobals) = postSolution
		SolutionGuid = {58A91E1B-CF16-4676-8885-584BB3ACC1CB}
	EndGlobalSection
EndGlobal
